// !$*UTF8*$!
{
	archiveVersion = 1;
	classes = {
	};
	objectVersion = 50;
	objects = {

/* Begin PBXBuildFile section */
		5A2BB11323891A74005655AB /* PhotoViewController.swift in Sources */ = {isa = PBXBuildFile; fileRef = 5A2BB11223891A74005655AB /* PhotoViewController.swift */; };
		5A2BB11523891A84005655AB /* PhotoScreen.storyboard in Resources */ = {isa = PBXBuildFile; fileRef = 5A2BB11423891A84005655AB /* PhotoScreen.storyboard */; };
		5A42502B238464AA00C77489 /* AppDelegate.swift in Sources */ = {isa = PBXBuildFile; fileRef = 5A42502A238464AA00C77489 /* AppDelegate.swift */; };
		5A42502D238464AA00C77489 /* SceneDelegate.swift in Sources */ = {isa = PBXBuildFile; fileRef = 5A42502C238464AA00C77489 /* SceneDelegate.swift */; };
		5A42502F238464AA00C77489 /* ViewController.swift in Sources */ = {isa = PBXBuildFile; fileRef = 5A42502E238464AA00C77489 /* ViewController.swift */; };
		5A425032238464AA00C77489 /* Main.storyboard in Resources */ = {isa = PBXBuildFile; fileRef = 5A425030238464AA00C77489 /* Main.storyboard */; };
		5A425034238464AE00C77489 /* Assets.xcassets in Resources */ = {isa = PBXBuildFile; fileRef = 5A425033238464AE00C77489 /* Assets.xcassets */; };
		5A425037238464AE00C77489 /* LaunchScreen.storyboard in Resources */ = {isa = PBXBuildFile; fileRef = 5A425035238464AE00C77489 /* LaunchScreen.storyboard */; };
		5A42504323847A1300C77489 /* ImageDownloader.swift in Sources */ = {isa = PBXBuildFile; fileRef = 5A42504223847A1300C77489 /* ImageDownloader.swift */; };
		5A5091502385A5410009536D /* UIViewHelper.swift in Sources */ = {isa = PBXBuildFile; fileRef = 5A50914B2385A5410009536D /* UIViewHelper.swift */; };
		5A5091512385A5410009536D /* AJDotLoadingView.xib in Resources */ = {isa = PBXBuildFile; fileRef = 5A50914D2385A5410009536D /* AJDotLoadingView.xib */; };
		5A5091522385A5410009536D /* UIDotLoadingIndicator.swift in Sources */ = {isa = PBXBuildFile; fileRef = 5A50914E2385A5410009536D /* UIDotLoadingIndicator.swift */; };
		5A5091532385A5410009536D /* AJDotLoadingView.swift in Sources */ = {isa = PBXBuildFile; fileRef = 5A50914F2385A5410009536D /* AJDotLoadingView.swift */; };
		5A5091582385C1430009536D /* PhotoStatusScreenViewController.swift in Sources */ = {isa = PBXBuildFile; fileRef = 5A5091572385C1430009536D /* PhotoStatusScreenViewController.swift */; };
		5A50915A2385C15C0009536D /* PhotoStatusScreen.storyboard in Resources */ = {isa = PBXBuildFile; fileRef = 5A5091592385C15C0009536D /* PhotoStatusScreen.storyboard */; };
		5AD4679A238A60240048A2AF /* TextFieldFormatter.swift in Sources */ = {isa = PBXBuildFile; fileRef = 5AD46799238A60240048A2AF /* TextFieldFormatter.swift */; };
/* End PBXBuildFile section */

/* Begin PBXFileReference section */
		5A2BB11223891A74005655AB /* PhotoViewController.swift */ = {isa = PBXFileReference; lastKnownFileType = sourcecode.swift; path = PhotoViewController.swift; sourceTree = "<group>"; };
		5A2BB11423891A84005655AB /* PhotoScreen.storyboard */ = {isa = PBXFileReference; lastKnownFileType = file.storyboard; path = PhotoScreen.storyboard; sourceTree = "<group>"; };
		5A425027238464AA00C77489 /* ImageApp.app */ = {isa = PBXFileReference; explicitFileType = wrapper.application; includeInIndex = 0; path = ImageApp.app; sourceTree = BUILT_PRODUCTS_DIR; };
		5A42502A238464AA00C77489 /* AppDelegate.swift */ = {isa = PBXFileReference; lastKnownFileType = sourcecode.swift; path = AppDelegate.swift; sourceTree = "<group>"; };
		5A42502C238464AA00C77489 /* SceneDelegate.swift */ = {isa = PBXFileReference; lastKnownFileType = sourcecode.swift; path = SceneDelegate.swift; sourceTree = "<group>"; };
		5A42502E238464AA00C77489 /* ViewController.swift */ = {isa = PBXFileReference; lastKnownFileType = sourcecode.swift; path = ViewController.swift; sourceTree = "<group>"; };
		5A425031238464AA00C77489 /* Base */ = {isa = PBXFileReference; lastKnownFileType = file.storyboard; name = Base; path = Base.lproj/Main.storyboard; sourceTree = "<group>"; };
		5A425033238464AE00C77489 /* Assets.xcassets */ = {isa = PBXFileReference; lastKnownFileType = folder.assetcatalog; path = Assets.xcassets; sourceTree = "<group>"; };
		5A425036238464AE00C77489 /* Base */ = {isa = PBXFileReference; lastKnownFileType = file.storyboard; name = Base; path = Base.lproj/LaunchScreen.storyboard; sourceTree = "<group>"; };
		5A425038238464AE00C77489 /* Info.plist */ = {isa = PBXFileReference; lastKnownFileType = text.plist.xml; path = Info.plist; sourceTree = "<group>"; };
		5A42504223847A1300C77489 /* ImageDownloader.swift */ = {isa = PBXFileReference; lastKnownFileType = sourcecode.swift; path = ImageDownloader.swift; sourceTree = "<group>"; };
		5A50914B2385A5410009536D /* UIViewHelper.swift */ = {isa = PBXFileReference; fileEncoding = 4; lastKnownFileType = sourcecode.swift; path = UIViewHelper.swift; sourceTree = "<group>"; };
		5A50914D2385A5410009536D /* AJDotLoadingView.xib */ = {isa = PBXFileReference; fileEncoding = 4; lastKnownFileType = file.xib; path = AJDotLoadingView.xib; sourceTree = "<group>"; };
		5A50914E2385A5410009536D /* UIDotLoadingIndicator.swift */ = {isa = PBXFileReference; fileEncoding = 4; lastKnownFileType = sourcecode.swift; path = UIDotLoadingIndicator.swift; sourceTree = "<group>"; };
		5A50914F2385A5410009536D /* AJDotLoadingView.swift */ = {isa = PBXFileReference; fileEncoding = 4; lastKnownFileType = sourcecode.swift; path = AJDotLoadingView.swift; sourceTree = "<group>"; };
		5A5091572385C1430009536D /* PhotoStatusScreenViewController.swift */ = {isa = PBXFileReference; lastKnownFileType = sourcecode.swift; path = PhotoStatusScreenViewController.swift; sourceTree = "<group>"; };
		5A5091592385C15C0009536D /* PhotoStatusScreen.storyboard */ = {isa = PBXFileReference; lastKnownFileType = file.storyboard; path = PhotoStatusScreen.storyboard; sourceTree = "<group>"; };
		5AD46799238A60240048A2AF /* TextFieldFormatter.swift */ = {isa = PBXFileReference; lastKnownFileType = sourcecode.swift; path = TextFieldFormatter.swift; sourceTree = "<group>"; };
/* End PBXFileReference section */

/* Begin PBXFrameworksBuildPhase section */
		5A425024238464AA00C77489 /* Frameworks */ = {
			isa = PBXFrameworksBuildPhase;
			buildActionMask = 2147483647;
			files = (
			);
			runOnlyForDeploymentPostprocessing = 0;
		};
/* End PBXFrameworksBuildPhase section */

/* Begin PBXGroup section */
		5A2BB11123891996005655AB /* PhotoScreen */ = {
			isa = PBXGroup;
			children = (
				5A2BB11223891A74005655AB /* PhotoViewController.swift */,
				5A2BB11423891A84005655AB /* PhotoScreen.storyboard */,
			);
			path = PhotoScreen;
			sourceTree = "<group>";
		};
		5A42501E238464AA00C77489 = {
			isa = PBXGroup;
			children = (
				5A425029238464AA00C77489 /* ImageApp */,
				5A425028238464AA00C77489 /* Products */,
			);
			sourceTree = "<group>";
		};
		5A425028238464AA00C77489 /* Products */ = {
			isa = PBXGroup;
			children = (
				5A425027238464AA00C77489 /* ImageApp.app */,
			);
			name = Products;
			sourceTree = "<group>";
		};
		5A425029238464AA00C77489 /* ImageApp */ = {
			isa = PBXGroup;
			children = (
				5A42502A238464AA00C77489 /* AppDelegate.swift */,
				5A42502C238464AA00C77489 /* SceneDelegate.swift */,
				5A2BB11123891996005655AB /* PhotoScreen */,
				5A5091562385B6CC0009536D /* DotLoadingIndicator */,
				5A42503F2384683D00C77489 /* PhotoStatusScreen */,
				5A42503E238467EB00C77489 /* PhoneNumberInputScreen */,
				5A425033238464AE00C77489 /* Assets.xcassets */,
				5A425035238464AE00C77489 /* LaunchScreen.storyboard */,
				5A425038238464AE00C77489 /* Info.plist */,
			);
			path = ImageApp;
			sourceTree = "<group>";
		};
		5A42503E238467EB00C77489 /* PhoneNumberInputScreen */ = {
			isa = PBXGroup;
			children = (
				5A42502E238464AA00C77489 /* ViewController.swift */,
				5AD46799238A60240048A2AF /* TextFieldFormatter.swift */,
				5A42504223847A1300C77489 /* ImageDownloader.swift */,
				5A425030238464AA00C77489 /* Main.storyboard */,
			);
			path = PhoneNumberInputScreen;
			sourceTree = "<group>";
		};
		5A42503F2384683D00C77489 /* PhotoStatusScreen */ = {
			isa = PBXGroup;
			children = (
				5A5091572385C1430009536D /* PhotoStatusScreenViewController.swift */,
				5A5091592385C15C0009536D /* PhotoStatusScreen.storyboard */,
			);
			path = PhotoStatusScreen;
			sourceTree = "<group>";
		};
		5A50914A2385A5410009536D /* helper */ = {
			isa = PBXGroup;
			children = (
				5A50914B2385A5410009536D /* UIViewHelper.swift */,
			);
			path = helper;
			sourceTree = "<group>";
		};
		5A50914C2385A5410009536D /* core */ = {
			isa = PBXGroup;
			children = (
				5A50914D2385A5410009536D /* AJDotLoadingView.xib */,
				5A50914E2385A5410009536D /* UIDotLoadingIndicator.swift */,
				5A50914F2385A5410009536D /* AJDotLoadingView.swift */,
			);
			path = core;
			sourceTree = "<group>";
		};
		5A5091562385B6CC0009536D /* DotLoadingIndicator */ = {
			isa = PBXGroup;
			children = (
				5A50914C2385A5410009536D /* core */,
				5A50914A2385A5410009536D /* helper */,
			);
			path = DotLoadingIndicator;
			sourceTree = "<group>";
		};
/* End PBXGroup section */

/* Begin PBXNativeTarget section */
		5A425026238464AA00C77489 /* ImageApp */ = {
			isa = PBXNativeTarget;
			buildConfigurationList = 5A42503B238464AE00C77489 /* Build configuration list for PBXNativeTarget "ImageApp" */;
			buildPhases = (
				5A425023238464AA00C77489 /* Sources */,
				5A425024238464AA00C77489 /* Frameworks */,
				5A425025238464AA00C77489 /* Resources */,
			);
			buildRules = (
			);
			dependencies = (
			);
			name = ImageApp;
			productName = ImageApp;
			productReference = 5A425027238464AA00C77489 /* ImageApp.app */;
			productType = "com.apple.product-type.application";
		};
/* End PBXNativeTarget section */

/* Begin PBXProject section */
		5A42501F238464AA00C77489 /* Project object */ = {
			isa = PBXProject;
			attributes = {
				LastSwiftUpdateCheck = 1120;
				LastUpgradeCheck = 1120;
				ORGANIZATIONNAME = "Stepan Chegrenev";
				TargetAttributes = {
					5A425026238464AA00C77489 = {
						CreatedOnToolsVersion = 11.2.1;
					};
				};
			};
			buildConfigurationList = 5A425022238464AA00C77489 /* Build configuration list for PBXProject "ImageApp" */;
			compatibilityVersion = "Xcode 9.3";
			developmentRegion = en;
			hasScannedForEncodings = 0;
			knownRegions = (
				en,
				Base,
			);
			mainGroup = 5A42501E238464AA00C77489;
			productRefGroup = 5A425028238464AA00C77489 /* Products */;
			projectDirPath = "";
			projectRoot = "";
			targets = (
				5A425026238464AA00C77489 /* ImageApp */,
			);
		};
/* End PBXProject section */

/* Begin PBXResourcesBuildPhase section */
		5A425025238464AA00C77489 /* Resources */ = {
			isa = PBXResourcesBuildPhase;
			buildActionMask = 2147483647;
			files = (
				5A5091512385A5410009536D /* AJDotLoadingView.xib in Resources */,
				5A2BB11523891A84005655AB /* PhotoScreen.storyboard in Resources */,
				5A425037238464AE00C77489 /* LaunchScreen.storyboard in Resources */,
				5A425034238464AE00C77489 /* Assets.xcassets in Resources */,
				5A425032238464AA00C77489 /* Main.storyboard in Resources */,
				5A50915A2385C15C0009536D /* PhotoStatusScreen.storyboard in Resources */,
			);
			runOnlyForDeploymentPostprocessing = 0;
		};
/* End PBXResourcesBuildPhase section */

/* Begin PBXSourcesBuildPhase section */
		5A425023238464AA00C77489 /* Sources */ = {
			isa = PBXSourcesBuildPhase;
			buildActionMask = 2147483647;
			files = (
				5A5091502385A5410009536D /* UIViewHelper.swift in Sources */,
				5A42502F238464AA00C77489 /* ViewController.swift in Sources */,
				5A5091522385A5410009536D /* UIDotLoadingIndicator.swift in Sources */,
				5A5091532385A5410009536D /* AJDotLoadingView.swift in Sources */,
				5A42502B238464AA00C77489 /* AppDelegate.swift in Sources */,
				5A2BB11323891A74005655AB /* PhotoViewController.swift in Sources */,
				5A5091582385C1430009536D /* PhotoStatusScreenViewController.swift in Sources */,
				5A42504323847A1300C77489 /* ImageDownloader.swift in Sources */,
				5AD4679A238A60240048A2AF /* TextFieldFormatter.swift in Sources */,
				5A42502D238464AA00C77489 /* SceneDelegate.swift in Sources */,
			);
			runOnlyForDeploymentPostprocessing = 0;
		};
/* End PBXSourcesBuildPhase section */

/* Begin PBXVariantGroup section */
		5A425030238464AA00C77489 /* Main.storyboard */ = {
			isa = PBXVariantGroup;
			children = (
				5A425031238464AA00C77489 /* Base */,
			);
			name = Main.storyboard;
			sourceTree = "<group>";
		};
		5A425035238464AE00C77489 /* LaunchScreen.storyboard */ = {
			isa = PBXVariantGroup;
			children = (
				5A425036238464AE00C77489 /* Base */,
			);
			name = LaunchScreen.storyboard;
			sourceTree = "<group>";
		};
/* End PBXVariantGroup section */

/* Begin XCBuildConfiguration section */
		5A425039238464AE00C77489 /* Debug */ = {
			isa = XCBuildConfiguration;
			buildSettings = {
				ALWAYS_SEARCH_USER_PATHS = NO;
				CLANG_ANALYZER_NONNULL = YES;
				CLANG_ANALYZER_NUMBER_OBJECT_CONVERSION = YES_AGGRESSIVE;
				CLANG_CXX_LANGUAGE_STANDARD = "gnu++14";
				CLANG_CXX_LIBRARY = "libc++";
				CLANG_ENABLE_MODULES = YES;
				CLANG_ENABLE_OBJC_ARC = YES;
				CLANG_ENABLE_OBJC_WEAK = YES;
				CLANG_WARN_BLOCK_CAPTURE_AUTORELEASING = YES;
				CLANG_WARN_BOOL_CONVERSION = YES;
				CLANG_WARN_COMMA = YES;
				CLANG_WARN_CONSTANT_CONVERSION = YES;
				CLANG_WARN_DEPRECATED_OBJC_IMPLEMENTATIONS = YES;
				CLANG_WARN_DIRECT_OBJC_ISA_USAGE = YES_ERROR;
				CLANG_WARN_DOCUMENTATION_COMMENTS = YES;
				CLANG_WARN_EMPTY_BODY = YES;
				CLANG_WARN_ENUM_CONVERSION = YES;
				CLANG_WARN_INFINITE_RECURSION = YES;
				CLANG_WARN_INT_CONVERSION = YES;
				CLANG_WARN_NON_LITERAL_NULL_CONVERSION = YES;
				CLANG_WARN_OBJC_IMPLICIT_RETAIN_SELF = YES;
				CLANG_WARN_OBJC_LITERAL_CONVERSION = YES;
				CLANG_WARN_OBJC_ROOT_CLASS = YES_ERROR;
				CLANG_WARN_RANGE_LOOP_ANALYSIS = YES;
				CLANG_WARN_STRICT_PROTOTYPES = YES;
				CLANG_WARN_SUSPICIOUS_MOVE = YES;
				CLANG_WARN_UNGUARDED_AVAILABILITY = YES_AGGRESSIVE;
				CLANG_WARN_UNREACHABLE_CODE = YES;
				CLANG_WARN__DUPLICATE_METHOD_MATCH = YES;
				COPY_PHASE_STRIP = NO;
				DEBUG_INFORMATION_FORMAT = dwarf;
				ENABLE_STRICT_OBJC_MSGSEND = YES;
				ENABLE_TESTABILITY = YES;
				GCC_C_LANGUAGE_STANDARD = gnu11;
				GCC_DYNAMIC_NO_PIC = NO;
				GCC_NO_COMMON_BLOCKS = YES;
				GCC_OPTIMIZATION_LEVEL = 0;
				GCC_PREPROCESSOR_DEFINITIONS = (
					"DEBUG=1",
					"$(inherited)",
				);
				GCC_WARN_64_TO_32_BIT_CONVERSION = YES;
				GCC_WARN_ABOUT_RETURN_TYPE = YES_ERROR;
				GCC_WARN_UNDECLARED_SELECTOR = YES;
				GCC_WARN_UNINITIALIZED_AUTOS = YES_AGGRESSIVE;
				GCC_WARN_UNUSED_FUNCTION = YES;
				GCC_WARN_UNUSED_VARIABLE = YES;
				IPHONEOS_DEPLOYMENT_TARGET = 13.2;
				MTL_ENABLE_DEBUG_INFO = INCLUDE_SOURCE;
				MTL_FAST_MATH = YES;
				ONLY_ACTIVE_ARCH = YES;
				SDKROOT = iphoneos;
				SWIFT_ACTIVE_COMPILATION_CONDITIONS = DEBUG;
				SWIFT_OPTIMIZATION_LEVEL = "-Onone";
			};
			name = Debug;
		};
		5A42503A238464AE00C77489 /* Release */ = {
			isa = XCBuildConfiguration;
			buildSettings = {
				ALWAYS_SEARCH_USER_PATHS = NO;
				CLANG_ANALYZER_NONNULL = YES;
				CLANG_ANALYZER_NUMBER_OBJECT_CONVERSION = YES_AGGRESSIVE;
				CLANG_CXX_LANGUAGE_STANDARD = "gnu++14";
				CLANG_CXX_LIBRARY = "libc++";
				CLANG_ENABLE_MODULES = YES;
				CLANG_ENABLE_OBJC_ARC = YES;
				CLANG_ENABLE_OBJC_WEAK = YES;
				CLANG_WARN_BLOCK_CAPTURE_AUTORELEASING = YES;
				CLANG_WARN_BOOL_CONVERSION = YES;
				CLANG_WARN_COMMA = YES;
				CLANG_WARN_CONSTANT_CONVERSION = YES;
				CLANG_WARN_DEPRECATED_OBJC_IMPLEMENTATIONS = YES;
				CLANG_WARN_DIRECT_OBJC_ISA_USAGE = YES_ERROR;
				CLANG_WARN_DOCUMENTATION_COMMENTS = YES;
				CLANG_WARN_EMPTY_BODY = YES;
				CLANG_WARN_ENUM_CONVERSION = YES;
				CLANG_WARN_INFINITE_RECURSION = YES;
				CLANG_WARN_INT_CONVERSION = YES;
				CLANG_WARN_NON_LITERAL_NULL_CONVERSION = YES;
				CLANG_WARN_OBJC_IMPLICIT_RETAIN_SELF = YES;
				CLANG_WARN_OBJC_LITERAL_CONVERSION = YES;
				CLANG_WARN_OBJC_ROOT_CLASS = YES_ERROR;
				CLANG_WARN_RANGE_LOOP_ANALYSIS = YES;
				CLANG_WARN_STRICT_PROTOTYPES = YES;
				CLANG_WARN_SUSPICIOUS_MOVE = YES;
				CLANG_WARN_UNGUARDED_AVAILABILITY = YES_AGGRESSIVE;
				CLANG_WARN_UNREACHABLE_CODE = YES;
				CLANG_WARN__DUPLICATE_METHOD_MATCH = YES;
				COPY_PHASE_STRIP = NO;
				DEBUG_INFORMATION_FORMAT = "dwarf-with-dsym";
				ENABLE_NS_ASSERTIONS = NO;
				ENABLE_STRICT_OBJC_MSGSEND = YES;
				GCC_C_LANGUAGE_STANDARD = gnu11;
				GCC_NO_COMMON_BLOCKS = YES;
				GCC_WARN_64_TO_32_BIT_CONVERSION = YES;
				GCC_WARN_ABOUT_RETURN_TYPE = YES_ERROR;
				GCC_WARN_UNDECLARED_SELECTOR = YES;
				GCC_WARN_UNINITIALIZED_AUTOS = YES_AGGRESSIVE;
				GCC_WARN_UNUSED_FUNCTION = YES;
				GCC_WARN_UNUSED_VARIABLE = YES;
				IPHONEOS_DEPLOYMENT_TARGET = 13.2;
				MTL_ENABLE_DEBUG_INFO = NO;
				MTL_FAST_MATH = YES;
				SDKROOT = iphoneos;
				SWIFT_COMPILATION_MODE = wholemodule;
				SWIFT_OPTIMIZATION_LEVEL = "-O";
				VALIDATE_PRODUCT = YES;
			};
			name = Release;
		};
		5A42503C238464AE00C77489 /* Debug */ = {
			isa = XCBuildConfiguration;
			buildSettings = {
				ASSETCATALOG_COMPILER_APPICON_NAME = AppIcon;
				CODE_SIGN_STYLE = Automatic;
				DEVELOPMENT_TEAM = BB698X697F;
				INFOPLIST_FILE = ImageApp/Info.plist;
				LD_RUNPATH_SEARCH_PATHS = (
					"$(inherited)",
					"@executable_path/Frameworks",
				);
				PRODUCT_BUNDLE_IDENTIFIER = com.stepanchegrenev.ImageApp;
				PRODUCT_NAME = "$(TARGET_NAME)";
				SWIFT_VERSION = 5.0;
				TARGETED_DEVICE_FAMILY = 1;
			};
			name = Debug;
		};
		5A42503D238464AE00C77489 /* Release */ = {
			isa = XCBuildConfiguration;
			buildSettings = {
				ASSETCATALOG_COMPILER_APPICON_NAME = AppIcon;
				CODE_SIGN_STYLE = Automatic;
				DEVELOPMENT_TEAM = BB698X697F;
				INFOPLIST_FILE = ImageApp/Info.plist;
				LD_RUNPATH_SEARCH_PATHS = (
					"$(inherited)",
					"@executable_path/Frameworks",
				);
				PRODUCT_BUNDLE_IDENTIFIER = com.stepanchegrenev.ImageApp;
				PRODUCT_NAME = "$(TARGET_NAME)";
				SWIFT_VERSION = 5.0;
				TARGETED_DEVICE_FAMILY = 1;
			};
			name = Release;
		};
/* End XCBuildConfiguration section */

/* Begin XCConfigurationList section */
		5A425022238464AA00C77489 /* Build configuration list for PBXProject "ImageApp" */ = {
			isa = XCConfigurationList;
			buildConfigurations = (
				5A425039238464AE00C77489 /* Debug */,
				5A42503A238464AE00C77489 /* Release */,
			);
			defaultConfigurationIsVisible = 0;
			defaultConfigurationName = Release;
		};
		5A42503B238464AE00C77489 /* Build configuration list for PBXNativeTarget "ImageApp" */ = {
			isa = XCConfigurationList;
			buildConfigurations = (
				5A42503C238464AE00C77489 /* Debug */,
				5A42503D238464AE00C77489 /* Release */,
			);
			defaultConfigurationIsVisible = 0;
			defaultConfigurationName = Release;
		};
/* End XCConfigurationList section */
	};
	rootObject = 5A42501F238464AA00C77489 /* Project object */;
}
